
Microsoft Visual Studio Solution File, Format Version 12.00
# Visual Studio Version 17
VisualStudioVersion = 17.8.34408.163
MinimumVisualStudioVersion = 10.0.40219.1
Project("{FAE04EC0-301F-11D3-BF4B-00C04F79EFBC}") = "WpfApp11", "WpfApp11.csproj", "{2D0F6FA6-EB2D-49F8-9677-DE0FFB59AE81}"
EndProject
Global
	GlobalSection(SolutionConfigurationPlatforms) = preSolution
		Debug|Any CPU = Debug|Any CPU
		Release|Any CPU = Release|Any CPU
	EndGlobalSection
	GlobalSection(ProjectConfigurationPlatforms) = postSolution
		{2D0F6FA6-EB2D-49F8-9677-DE0FFB59AE81}.Debug|Any CPU.ActiveCfg = Debug|Any CPU
		{2D0F6FA6-EB2D-49F8-9677-DE0FFB59AE81}.Debug|Any CPU.Build.0 = Debug|Any CPU
		{2D0F6FA6-EB2D-49F8-9677-DE0FFB59AE81}.Release|Any CPU.ActiveCfg = Release|Any CPU
		{2D0F6FA6-EB2D-49F8-9677-DE0FFB59AE81}.Release|Any CPU.Build.0 = Release|Any CPU
	EndGlobalSection
	GlobalSection(SolutionProperties) = preSolution
		HideSolutionNode = FALSE
	EndGlobalSection
	GlobalSection(ExtensibilityGlobals) = postSolution
		SolutionGuid = {7731E57D-70F5-4BB1-8F5F-61631B4F11FB}
	EndGlobalSection
EndGlobal
